// !$*UTF8*$!
{
	archiveVersion = 1;
	classes = {
	};
	objectVersion = 48;
	objects = {

/* Begin PBXBuildFile section */
		8B925683303992C61BA36F38 /* Pods_BetTipTests.framework in Frameworks */ = {isa = PBXBuildFile; fileRef = BEFED22F6A9414B4697D7055 /* Pods_BetTipTests.framework */; };
		B0569A0A1FC0A73300FF34A1 /* HockeyApp.swift in Sources */ = {isa = PBXBuildFile; fileRef = B0569A091FC0A73300FF34A1 /* HockeyApp.swift */; };
		B0569A0D1FC0B26E00FF34A1 /* String+Ext.swift in Sources */ = {isa = PBXBuildFile; fileRef = B0569A0C1FC0B26E00FF34A1 /* String+Ext.swift */; };
		B0569A0F1FC0B80E00FF34A1 /* ReachabilityManager.swift in Sources */ = {isa = PBXBuildFile; fileRef = B0569A0E1FC0B80E00FF34A1 /* ReachabilityManager.swift */; };
		B0569A111FC0B9B400FF34A1 /* Reusable.swift in Sources */ = {isa = PBXBuildFile; fileRef = B0569A101FC0B9B400FF34A1 /* Reusable.swift */; };
		B08A457A1F9DD5430082BDD3 /* AppDelegate.swift in Sources */ = {isa = PBXBuildFile; fileRef = B08A45791F9DD5430082BDD3 /* AppDelegate.swift */; };
		B08A457C1F9DD5430082BDD3 /* ViewController.swift in Sources */ = {isa = PBXBuildFile; fileRef = B08A457B1F9DD5430082BDD3 /* ViewController.swift */; };
		B08A457F1F9DD5430082BDD3 /* Main.storyboard in Resources */ = {isa = PBXBuildFile; fileRef = B08A457D1F9DD5430082BDD3 /* Main.storyboard */; };
		B08A45811F9DD5430082BDD3 /* Assets.xcassets in Resources */ = {isa = PBXBuildFile; fileRef = B08A45801F9DD5430082BDD3 /* Assets.xcassets */; };
		B08A45841F9DD5430082BDD3 /* LaunchScreen.storyboard in Resources */ = {isa = PBXBuildFile; fileRef = B08A45821F9DD5430082BDD3 /* LaunchScreen.storyboard */; };
		B08A458F1F9DD5430082BDD3 /* BetTipTests.swift in Sources */ = {isa = PBXBuildFile; fileRef = B08A458E1F9DD5430082BDD3 /* BetTipTests.swift */; };
		B0A8E66F1FA66F94001A8BBA /* GoogleService-Info.plist in Resources */ = {isa = PBXBuildFile; fileRef = B0A8E66E1FA66F94001A8BBA /* GoogleService-Info.plist */; };
		B0E8B07B1FAB37CC00491D6E /* Colors.xcassets in Resources */ = {isa = PBXBuildFile; fileRef = B0E8B07A1FAB37CC00491D6E /* Colors.xcassets */; };
		B0FE4A441FBAD4EB008F2EE6 /* Profile.storyboard in Resources */ = {isa = PBXBuildFile; fileRef = B0FE4A431FBAD4EB008F2EE6 /* Profile.storyboard */; };
		B0FE4A461FBAD4F8008F2EE6 /* Bet.storyboard in Resources */ = {isa = PBXBuildFile; fileRef = B0FE4A451FBAD4F8008F2EE6 /* Bet.storyboard */; };
		B0FE4A481FBAD504008F2EE6 /* Onboarding.storyboard in Resources */ = {isa = PBXBuildFile; fileRef = B0FE4A471FBAD504008F2EE6 /* Onboarding.storyboard */; };
		B0FE4A4A1FBAD518008F2EE6 /* Login.storyboard in Resources */ = {isa = PBXBuildFile; fileRef = B0FE4A491FBAD518008F2EE6 /* Login.storyboard */; };
		ECB2F28AAA96B790E1286F06 /* Pods_BetTip.framework in Frameworks */ = {isa = PBXBuildFile; fileRef = 368ECDF0EA2EEC9691508FDF /* Pods_BetTip.framework */; };
/* End PBXBuildFile section */

/* Begin PBXContainerItemProxy section */
		B08A458B1F9DD5430082BDD3 /* PBXContainerItemProxy */ = {
			isa = PBXContainerItemProxy;
			containerPortal = B08A456E1F9DD5430082BDD3 /* Project object */;
			proxyType = 1;
			remoteGlobalIDString = B08A45751F9DD5430082BDD3;
			remoteInfo = BetTip;
		};
/* End PBXContainerItemProxy section */

/* Begin PBXFileReference section */
		368ECDF0EA2EEC9691508FDF /* Pods_BetTip.framework */ = {isa = PBXFileReference; explicitFileType = wrapper.framework; includeInIndex = 0; path = Pods_BetTip.framework; sourceTree = BUILT_PRODUCTS_DIR; };
		656147D774EE3FD2EC2C1712 /* Pods-BetTip.debug.xcconfig */ = {isa = PBXFileReference; includeInIndex = 1; lastKnownFileType = text.xcconfig; name = "Pods-BetTip.debug.xcconfig"; path = "Pods/Target Support Files/Pods-BetTip/Pods-BetTip.debug.xcconfig"; sourceTree = "<group>"; };
		689B272117A621A948C4580D /* Pods-BetTip.release.xcconfig */ = {isa = PBXFileReference; includeInIndex = 1; lastKnownFileType = text.xcconfig; name = "Pods-BetTip.release.xcconfig"; path = "Pods/Target Support Files/Pods-BetTip/Pods-BetTip.release.xcconfig"; sourceTree = "<group>"; };
		B03BEB3E1FB2508200FF4A2C /* BetTip-Bridging-Header.h */ = {isa = PBXFileReference; lastKnownFileType = sourcecode.c.h; path = "BetTip-Bridging-Header.h"; sourceTree = "<group>"; };
		B0569A091FC0A73300FF34A1 /* HockeyApp.swift */ = {isa = PBXFileReference; lastKnownFileType = sourcecode.swift; path = HockeyApp.swift; sourceTree = "<group>"; };
		B0569A0C1FC0B26E00FF34A1 /* String+Ext.swift */ = {isa = PBXFileReference; lastKnownFileType = sourcecode.swift; path = "String+Ext.swift"; sourceTree = "<group>"; };
		B0569A0E1FC0B80E00FF34A1 /* ReachabilityManager.swift */ = {isa = PBXFileReference; lastKnownFileType = sourcecode.swift; path = ReachabilityManager.swift; sourceTree = "<group>"; };
		B0569A101FC0B9B400FF34A1 /* Reusable.swift */ = {isa = PBXFileReference; lastKnownFileType = sourcecode.swift; path = Reusable.swift; sourceTree = "<group>"; };
		B08A45761F9DD5430082BDD3 /* BetTip.app */ = {isa = PBXFileReference; explicitFileType = wrapper.application; includeInIndex = 0; path = BetTip.app; sourceTree = BUILT_PRODUCTS_DIR; };
		B08A45791F9DD5430082BDD3 /* AppDelegate.swift */ = {isa = PBXFileReference; lastKnownFileType = sourcecode.swift; path = AppDelegate.swift; sourceTree = "<group>"; };
		B08A457B1F9DD5430082BDD3 /* ViewController.swift */ = {isa = PBXFileReference; lastKnownFileType = sourcecode.swift; path = ViewController.swift; sourceTree = "<group>"; };
		B08A457E1F9DD5430082BDD3 /* Base */ = {isa = PBXFileReference; lastKnownFileType = file.storyboard; name = Base; path = Base.lproj/Main.storyboard; sourceTree = "<group>"; };
		B08A45801F9DD5430082BDD3 /* Assets.xcassets */ = {isa = PBXFileReference; lastKnownFileType = folder.assetcatalog; path = Assets.xcassets; sourceTree = "<group>"; };
		B08A45831F9DD5430082BDD3 /* Base */ = {isa = PBXFileReference; lastKnownFileType = file.storyboard; name = Base; path = Base.lproj/LaunchScreen.storyboard; sourceTree = "<group>"; };
		B08A45851F9DD5430082BDD3 /* Info.plist */ = {isa = PBXFileReference; lastKnownFileType = text.plist.xml; path = Info.plist; sourceTree = "<group>"; };
		B08A458A1F9DD5430082BDD3 /* BetTipTests.xctest */ = {isa = PBXFileReference; explicitFileType = wrapper.cfbundle; includeInIndex = 0; path = BetTipTests.xctest; sourceTree = BUILT_PRODUCTS_DIR; };
		B08A458E1F9DD5430082BDD3 /* BetTipTests.swift */ = {isa = PBXFileReference; lastKnownFileType = sourcecode.swift; path = BetTipTests.swift; sourceTree = "<group>"; };
		B08A45901F9DD5430082BDD3 /* Info.plist */ = {isa = PBXFileReference; lastKnownFileType = text.plist.xml; path = Info.plist; sourceTree = "<group>"; };
		B0A8E66E1FA66F94001A8BBA /* GoogleService-Info.plist */ = {isa = PBXFileReference; fileEncoding = 4; lastKnownFileType = text.plist.xml; path = "GoogleService-Info.plist"; sourceTree = "<group>"; };
		B0A8E6711FA7AE9B001A8BBA /* BetTip.entitlements */ = {isa = PBXFileReference; lastKnownFileType = text.plist.entitlements; path = BetTip.entitlements; sourceTree = "<group>"; };
		B0E8B07A1FAB37CC00491D6E /* Colors.xcassets */ = {isa = PBXFileReference; lastKnownFileType = folder.assetcatalog; path = Colors.xcassets; sourceTree = "<group>"; };
		B0FE4A431FBAD4EB008F2EE6 /* Profile.storyboard */ = {isa = PBXFileReference; lastKnownFileType = file.storyboard; path = Profile.storyboard; sourceTree = "<group>"; };
		B0FE4A451FBAD4F8008F2EE6 /* Bet.storyboard */ = {isa = PBXFileReference; lastKnownFileType = file.storyboard; path = Bet.storyboard; sourceTree = "<group>"; };
		B0FE4A471FBAD504008F2EE6 /* Onboarding.storyboard */ = {isa = PBXFileReference; lastKnownFileType = file.storyboard; path = Onboarding.storyboard; sourceTree = "<group>"; };
		B0FE4A491FBAD518008F2EE6 /* Login.storyboard */ = {isa = PBXFileReference; lastKnownFileType = file.storyboard; path = Login.storyboard; sourceTree = "<group>"; };
		BEFED22F6A9414B4697D7055 /* Pods_BetTipTests.framework */ = {isa = PBXFileReference; explicitFileType = wrapper.framework; includeInIndex = 0; path = Pods_BetTipTests.framework; sourceTree = BUILT_PRODUCTS_DIR; };
		C4973F39DC4820D359D81752 /* Pods-BetTipTests.release.xcconfig */ = {isa = PBXFileReference; includeInIndex = 1; lastKnownFileType = text.xcconfig; name = "Pods-BetTipTests.release.xcconfig"; path = "Pods/Target Support Files/Pods-BetTipTests/Pods-BetTipTests.release.xcconfig"; sourceTree = "<group>"; };
		D1E04B9CFB290BDC889BEE1C /* Pods-BetTipTests.debug.xcconfig */ = {isa = PBXFileReference; includeInIndex = 1; lastKnownFileType = text.xcconfig; name = "Pods-BetTipTests.debug.xcconfig"; path = "Pods/Target Support Files/Pods-BetTipTests/Pods-BetTipTests.debug.xcconfig"; sourceTree = "<group>"; };
/* End PBXFileReference section */

/* Begin PBXFrameworksBuildPhase section */
		B08A45731F9DD5430082BDD3 /* Frameworks */ = {
			isa = PBXFrameworksBuildPhase;
			buildActionMask = 2147483647;
			files = (
				ECB2F28AAA96B790E1286F06 /* Pods_BetTip.framework in Frameworks */,
			);
			runOnlyForDeploymentPostprocessing = 0;
		};
		B08A45871F9DD5430082BDD3 /* Frameworks */ = {
			isa = PBXFrameworksBuildPhase;
			buildActionMask = 2147483647;
			files = (
				8B925683303992C61BA36F38 /* Pods_BetTipTests.framework in Frameworks */,
			);
			runOnlyForDeploymentPostprocessing = 0;
		};
/* End PBXFrameworksBuildPhase section */

/* Begin PBXGroup section */
		462BBB1460F31C27D4A0C4CA /* Frameworks */ = {
			isa = PBXGroup;
			children = (
				368ECDF0EA2EEC9691508FDF /* Pods_BetTip.framework */,
				BEFED22F6A9414B4697D7055 /* Pods_BetTipTests.framework */,
			);
			name = Frameworks;
			sourceTree = "<group>";
		};
		6516D1F81F1FE5218CAC1853 /* Pods */ = {
			isa = PBXGroup;
			children = (
				656147D774EE3FD2EC2C1712 /* Pods-BetTip.debug.xcconfig */,
				689B272117A621A948C4580D /* Pods-BetTip.release.xcconfig */,
				D1E04B9CFB290BDC889BEE1C /* Pods-BetTipTests.debug.xcconfig */,
				C4973F39DC4820D359D81752 /* Pods-BetTipTests.release.xcconfig */,
			);
			name = Pods;
			sourceTree = "<group>";
		};
		B0569A061FC061FA00FF34A1 /* Shared */ = {
			isa = PBXGroup;
			children = (
				B0569A081FC0A70F00FF34A1 /* Configuration */,
				B0FE4A321FBAD33C008F2EE6 /* Constants */,
				B0FE4A381FBAD3A3008F2EE6 /* Controls */,
				B0FE4A331FBAD34A008F2EE6 /* Events */,
				B0569A0B1FC0AFED00FF34A1 /* Extensions */,
				B0FE4A341FBAD351008F2EE6 /* GeneratedCodes */,
				B0FE4A351FBAD35A008F2EE6 /* Helpers */,
				B0569A071FC0A61200FF34A1 /* Network */,
				B0FE4A391FBAD3AC008F2EE6 /* Presenters */,
				B0FE4A311FBAD32F008F2EE6 /* Services */,
				B0FE4A361FBAD371008F2EE6 /* Storage */,
				B0FE4A371FBAD37B008F2EE6 /* Utilities */,
				B0FE4A3A1FBAD3B1008F2EE6 /* ViewControllers */,
				B0FE4A3B1FBAD3BF008F2EE6 /* ViewModels */,
				B0FE4A3C1FBAD3C6008F2EE6 /* Views */,
			);
			path = Shared;
			sourceTree = "<group>";
		};
		B0569A071FC0A61200FF34A1 /* Network */ = {
			isa = PBXGroup;
			children = (
				B0569A0E1FC0B80E00FF34A1 /* ReachabilityManager.swift */,
			);
			path = Network;
			sourceTree = "<group>";
		};
		B0569A081FC0A70F00FF34A1 /* Configuration */ = {
			isa = PBXGroup;
			children = (
				B0569A091FC0A73300FF34A1 /* HockeyApp.swift */,
			);
			path = Configuration;
			sourceTree = "<group>";
		};
		B0569A0B1FC0AFED00FF34A1 /* Extensions */ = {
			isa = PBXGroup;
			children = (
				B0569A0C1FC0B26E00FF34A1 /* String+Ext.swift */,
			);
			path = Extensions;
			sourceTree = "<group>";
		};
		B08A456D1F9DD5430082BDD3 = {
			isa = PBXGroup;
			children = (
				B08A45781F9DD5430082BDD3 /* BetTip */,
				B08A458D1F9DD5430082BDD3 /* BetTipTests */,
				B08A45771F9DD5430082BDD3 /* Products */,
				6516D1F81F1FE5218CAC1853 /* Pods */,
				462BBB1460F31C27D4A0C4CA /* Frameworks */,
			);
			sourceTree = "<group>";
		};
		B08A45771F9DD5430082BDD3 /* Products */ = {
			isa = PBXGroup;
			children = (
				B08A45761F9DD5430082BDD3 /* BetTip.app */,
				B08A458A1F9DD5430082BDD3 /* BetTipTests.xctest */,
			);
			name = Products;
			sourceTree = "<group>";
		};
		B08A45781F9DD5430082BDD3 /* BetTip */ = {
			isa = PBXGroup;
			children = (
				B0569A061FC061FA00FF34A1 /* Shared */,
				B0A8E6731FA7B091001A8BBA /* Sceens */,
				B0A8E6701FA7AE27001A8BBA /* SupportedFiles */,
				B08A45791F9DD5430082BDD3 /* AppDelegate.swift */,
			);
			path = BetTip;
			sourceTree = "<group>";
		};
		B08A458D1F9DD5430082BDD3 /* BetTipTests */ = {
			isa = PBXGroup;
			children = (
				B08A458E1F9DD5430082BDD3 /* BetTipTests.swift */,
				B08A45901F9DD5430082BDD3 /* Info.plist */,
			);
			path = BetTipTests;
			sourceTree = "<group>";
		};
		B0A8E6701FA7AE27001A8BBA /* SupportedFiles */ = {
			isa = PBXGroup;
			children = (
				B0A8E6711FA7AE9B001A8BBA /* BetTip.entitlements */,
				B0A8E66E1FA66F94001A8BBA /* GoogleService-Info.plist */,
				B08A45851F9DD5430082BDD3 /* Info.plist */,
				B08A45801F9DD5430082BDD3 /* Assets.xcassets */,
				B0E8B07A1FAB37CC00491D6E /* Colors.xcassets */,
				B08A45821F9DD5430082BDD3 /* LaunchScreen.storyboard */,
				B03BEB3E1FB2508200FF4A2C /* BetTip-Bridging-Header.h */,
			);
			path = SupportedFiles;
			sourceTree = "<group>";
		};
		B0A8E6731FA7B091001A8BBA /* Sceens */ = {
			isa = PBXGroup;
			children = (
				B0FE4A421FBAD467008F2EE6 /* Profile */,
				B0FE4A411FBAD44D008F2EE6 /* Bet */,
				B0FE4A3F1FBAD406008F2EE6 /* Onboarding */,
				B0FE4A3E1FBAD401008F2EE6 /* Login */,
				B0A8E6741FA7B0BF001A8BBA /* Main */,
			);
			path = Sceens;
			sourceTree = "<group>";
		};
		B0A8E6741FA7B0BF001A8BBA /* Main */ = {
			isa = PBXGroup;
			children = (
				B0A8E6761FA7B0CE001A8BBA /* ViewControllers */,
				B08A457D1F9DD5430082BDD3 /* Main.storyboard */,
			);
			path = Main;
			sourceTree = "<group>";
		};
		B0A8E6761FA7B0CE001A8BBA /* ViewControllers */ = {
			isa = PBXGroup;
			children = (
				B08A457B1F9DD5430082BDD3 /* ViewController.swift */,
			);
			path = ViewControllers;
			sourceTree = "<group>";
		};
		B0FE4A311FBAD32F008F2EE6 /* Services */ = {
			isa = PBXGroup;
			children = (
			);
			path = Services;
			sourceTree = "<group>";
		};
		B0FE4A321FBAD33C008F2EE6 /* Constants */ = {
			isa = PBXGroup;
			children = (
			);
			path = Constants;
			sourceTree = "<group>";
		};
		B0FE4A331FBAD34A008F2EE6 /* Events */ = {
			isa = PBXGroup;
			children = (
			);
			path = Events;
			sourceTree = "<group>";
		};
		B0FE4A341FBAD351008F2EE6 /* GeneratedCodes */ = {
			isa = PBXGroup;
			children = (
			);
			path = GeneratedCodes;
			sourceTree = "<group>";
		};
		B0FE4A351FBAD35A008F2EE6 /* Helpers */ = {
			isa = PBXGroup;
			children = (
				B0569A101FC0B9B400FF34A1 /* Reusable.swift */,
			);
			path = Helpers;
			sourceTree = "<group>";
		};
		B0FE4A361FBAD371008F2EE6 /* Storage */ = {
			isa = PBXGroup;
			children = (
			);
			path = Storage;
			sourceTree = "<group>";
		};
		B0FE4A371FBAD37B008F2EE6 /* Utilities */ = {
			isa = PBXGroup;
			children = (
			);
			path = Utilities;
			sourceTree = "<group>";
		};
		B0FE4A381FBAD3A3008F2EE6 /* Controls */ = {
			isa = PBXGroup;
			children = (
			);
			path = Controls;
			sourceTree = "<group>";
		};
		B0FE4A391FBAD3AC008F2EE6 /* Presenters */ = {
			isa = PBXGroup;
			children = (
			);
			path = Presenters;
			sourceTree = "<group>";
		};
		B0FE4A3A1FBAD3B1008F2EE6 /* ViewControllers */ = {
			isa = PBXGroup;
			children = (
			);
			path = ViewControllers;
			sourceTree = "<group>";
		};
		B0FE4A3B1FBAD3BF008F2EE6 /* ViewModels */ = {
			isa = PBXGroup;
			children = (
			);
			path = ViewModels;
			sourceTree = "<group>";
		};
		B0FE4A3C1FBAD3C6008F2EE6 /* Views */ = {
			isa = PBXGroup;
			children = (
			);
			path = Views;
			sourceTree = "<group>";
		};
		B0FE4A3E1FBAD401008F2EE6 /* Login */ = {
			isa = PBXGroup;
			children = (
				B0FE4A491FBAD518008F2EE6 /* Login.storyboard */,
			);
			path = Login;
			sourceTree = "<group>";
		};
		B0FE4A3F1FBAD406008F2EE6 /* Onboarding */ = {
			isa = PBXGroup;
			children = (
				B0FE4A471FBAD504008F2EE6 /* Onboarding.storyboard */,
			);
			path = Onboarding;
			sourceTree = "<group>";
		};
		B0FE4A411FBAD44D008F2EE6 /* Bet */ = {
			isa = PBXGroup;
			children = (
				B0FE4A451FBAD4F8008F2EE6 /* Bet.storyboard */,
			);
			path = Bet;
			sourceTree = "<group>";
		};
		B0FE4A421FBAD467008F2EE6 /* Profile */ = {
			isa = PBXGroup;
			children = (
				B0FE4A431FBAD4EB008F2EE6 /* Profile.storyboard */,
			);
			path = Profile;
			sourceTree = "<group>";
		};
/* End PBXGroup section */

/* Begin PBXNativeTarget section */
		B08A45751F9DD5430082BDD3 /* BetTip */ = {
			isa = PBXNativeTarget;
			buildConfigurationList = B08A45931F9DD5430082BDD3 /* Build configuration list for PBXNativeTarget "BetTip" */;
			buildPhases = (
				873DF30E507BF2BEBD0EA9B7 /* [CP] Check Pods Manifest.lock */,
				B08A45721F9DD5430082BDD3 /* Sources */,
				B08A45731F9DD5430082BDD3 /* Frameworks */,
				B08A45741F9DD5430082BDD3 /* Resources */,
				E186F803D130792729DC96D4 /* [CP] Embed Pods Frameworks */,
				C544BE41E67FBB4478CD02D4 /* [CP] Copy Pods Resources */,
				B01B24821FA74BB6001F1466 /* SwiftLint */,
			);
			buildRules = (
			);
			dependencies = (
			);
			name = BetTip;
			productName = BetTip;
			productReference = B08A45761F9DD5430082BDD3 /* BetTip.app */;
			productType = "com.apple.product-type.application";
		};
		B08A45891F9DD5430082BDD3 /* BetTipTests */ = {
			isa = PBXNativeTarget;
			buildConfigurationList = B08A45961F9DD5430082BDD3 /* Build configuration list for PBXNativeTarget "BetTipTests" */;
			buildPhases = (
				2994695EB432914B6E9EEB98 /* [CP] Check Pods Manifest.lock */,
				B08A45861F9DD5430082BDD3 /* Sources */,
				B08A45871F9DD5430082BDD3 /* Frameworks */,
				B08A45881F9DD5430082BDD3 /* Resources */,
				60BC9B534A1CC706259113F0 /* [CP] Embed Pods Frameworks */,
				C35366029B3BCB78BD805CF8 /* [CP] Copy Pods Resources */,
			);
			buildRules = (
			);
			dependencies = (
				B08A458C1F9DD5430082BDD3 /* PBXTargetDependency */,
			);
			name = BetTipTests;
			productName = BetTipTests;
			productReference = B08A458A1F9DD5430082BDD3 /* BetTipTests.xctest */;
			productType = "com.apple.product-type.bundle.unit-test";
		};
/* End PBXNativeTarget section */

/* Begin PBXProject section */
		B08A456E1F9DD5430082BDD3 /* Project object */ = {
			isa = PBXProject;
			attributes = {
				LastSwiftUpdateCheck = 0900;
				LastUpgradeCheck = 0900;
				ORGANIZATIONNAME = "Haydar Karkin";
				TargetAttributes = {
					B08A45751F9DD5430082BDD3 = {
						CreatedOnToolsVersion = 9.0.1;
						LastSwiftMigration = 0910;
						ProvisioningStyle = Manual;
						SystemCapabilities = {
							com.apple.Push = {
								enabled = 1;
							};
						};
					};
					B08A45891F9DD5430082BDD3 = {
						CreatedOnToolsVersion = 9.0.1;
						ProvisioningStyle = Automatic;
						TestTargetID = B08A45751F9DD5430082BDD3;
					};
				};
			};
			buildConfigurationList = B08A45711F9DD5430082BDD3 /* Build configuration list for PBXProject "BetTip" */;
			compatibilityVersion = "Xcode 8.0";
			developmentRegion = en;
			hasScannedForEncodings = 0;
			knownRegions = (
				en,
				Base,
			);
			mainGroup = B08A456D1F9DD5430082BDD3;
			productRefGroup = B08A45771F9DD5430082BDD3 /* Products */;
			projectDirPath = "";
			projectRoot = "";
			targets = (
				B08A45751F9DD5430082BDD3 /* BetTip */,
				B08A45891F9DD5430082BDD3 /* BetTipTests */,
			);
		};
/* End PBXProject section */

/* Begin PBXResourcesBuildPhase section */
		B08A45741F9DD5430082BDD3 /* Resources */ = {
			isa = PBXResourcesBuildPhase;
			buildActionMask = 2147483647;
			files = (
				B0FE4A441FBAD4EB008F2EE6 /* Profile.storyboard in Resources */,
				B0E8B07B1FAB37CC00491D6E /* Colors.xcassets in Resources */,
				B0FE4A461FBAD4F8008F2EE6 /* Bet.storyboard in Resources */,
				B08A45841F9DD5430082BDD3 /* LaunchScreen.storyboard in Resources */,
				B0A8E66F1FA66F94001A8BBA /* GoogleService-Info.plist in Resources */,
				B08A45811F9DD5430082BDD3 /* Assets.xcassets in Resources */,
				B08A457F1F9DD5430082BDD3 /* Main.storyboard in Resources */,
				B0FE4A481FBAD504008F2EE6 /* Onboarding.storyboard in Resources */,
				B0FE4A4A1FBAD518008F2EE6 /* Login.storyboard in Resources */,
			);
			runOnlyForDeploymentPostprocessing = 0;
		};
		B08A45881F9DD5430082BDD3 /* Resources */ = {
			isa = PBXResourcesBuildPhase;
			buildActionMask = 2147483647;
			files = (
			);
			runOnlyForDeploymentPostprocessing = 0;
		};
/* End PBXResourcesBuildPhase section */

/* Begin PBXShellScriptBuildPhase section */
		2994695EB432914B6E9EEB98 /* [CP] Check Pods Manifest.lock */ = {
			isa = PBXShellScriptBuildPhase;
			buildActionMask = 2147483647;
			files = (
			);
			inputPaths = (
			);
			name = "[CP] Check Pods Manifest.lock";
			outputPaths = (
			);
			runOnlyForDeploymentPostprocessing = 0;
			shellPath = /bin/sh;
			shellScript = "diff \"${PODS_PODFILE_DIR_PATH}/Podfile.lock\" \"${PODS_ROOT}/Manifest.lock\" > /dev/null\nif [ $? != 0 ] ; then\n    # print error to STDERR\n    echo \"error: The sandbox is not in sync with the Podfile.lock. Run 'pod install' or update your CocoaPods installation.\" >&2\n    exit 1\nfi\n";
			showEnvVarsInLog = 0;
		};
		60BC9B534A1CC706259113F0 /* [CP] Embed Pods Frameworks */ = {
			isa = PBXShellScriptBuildPhase;
			buildActionMask = 2147483647;
			files = (
			);
			inputPaths = (
			);
			name = "[CP] Embed Pods Frameworks";
			outputPaths = (
			);
			runOnlyForDeploymentPostprocessing = 0;
			shellPath = /bin/sh;
			shellScript = "\"${SRCROOT}/Pods/Target Support Files/Pods-BetTipTests/Pods-BetTipTests-frameworks.sh\"\n";
			showEnvVarsInLog = 0;
		};
		873DF30E507BF2BEBD0EA9B7 /* [CP] Check Pods Manifest.lock */ = {
			isa = PBXShellScriptBuildPhase;
			buildActionMask = 2147483647;
			files = (
			);
			inputPaths = (
			);
			name = "[CP] Check Pods Manifest.lock";
			outputPaths = (
			);
			runOnlyForDeploymentPostprocessing = 0;
			shellPath = /bin/sh;
			shellScript = "diff \"${PODS_PODFILE_DIR_PATH}/Podfile.lock\" \"${PODS_ROOT}/Manifest.lock\" > /dev/null\nif [ $? != 0 ] ; then\n    # print error to STDERR\n    echo \"error: The sandbox is not in sync with the Podfile.lock. Run 'pod install' or update your CocoaPods installation.\" >&2\n    exit 1\nfi\n";
			showEnvVarsInLog = 0;
		};
		B01B24821FA74BB6001F1466 /* SwiftLint */ = {
			isa = PBXShellScriptBuildPhase;
			buildActionMask = 2147483647;
			files = (
			);
			inputPaths = (
			);
			name = SwiftLint;
			outputPaths = (
			);
			runOnlyForDeploymentPostprocessing = 0;
			shellPath = /bin/sh;
			shellScript = "\"${PODS_ROOT}/SwiftLint/swiftlint\"";
		};
		C35366029B3BCB78BD805CF8 /* [CP] Copy Pods Resources */ = {
			isa = PBXShellScriptBuildPhase;
			buildActionMask = 2147483647;
			files = (
			);
			inputPaths = (
			);
			name = "[CP] Copy Pods Resources";
			outputPaths = (
			);
			runOnlyForDeploymentPostprocessing = 0;
			shellPath = /bin/sh;
			shellScript = "\"${SRCROOT}/Pods/Target Support Files/Pods-BetTipTests/Pods-BetTipTests-resources.sh\"\n";
			showEnvVarsInLog = 0;
		};
		C544BE41E67FBB4478CD02D4 /* [CP] Copy Pods Resources */ = {
			isa = PBXShellScriptBuildPhase;
			buildActionMask = 2147483647;
			files = (
			);
			inputPaths = (
			);
			name = "[CP] Copy Pods Resources";
			outputPaths = (
			);
			runOnlyForDeploymentPostprocessing = 0;
			shellPath = /bin/sh;
			shellScript = "\"${SRCROOT}/Pods/Target Support Files/Pods-BetTip/Pods-BetTip-resources.sh\"\n";
			showEnvVarsInLog = 0;
		};
		E186F803D130792729DC96D4 /* [CP] Embed Pods Frameworks */ = {
			isa = PBXShellScriptBuildPhase;
			buildActionMask = 2147483647;
			files = (
			);
			inputPaths = (
			);
			name = "[CP] Embed Pods Frameworks";
			outputPaths = (
			);
			runOnlyForDeploymentPostprocessing = 0;
			shellPath = /bin/sh;
			shellScript = "\"${SRCROOT}/Pods/Target Support Files/Pods-BetTip/Pods-BetTip-frameworks.sh\"\n";
			showEnvVarsInLog = 0;
		};
/* End PBXShellScriptBuildPhase section */

/* Begin PBXSourcesBuildPhase section */
		B08A45721F9DD5430082BDD3 /* Sources */ = {
			isa = PBXSourcesBuildPhase;
			buildActionMask = 2147483647;
			files = (
				B0569A111FC0B9B400FF34A1 /* Reusable.swift in Sources */,
				B0569A0A1FC0A73300FF34A1 /* HockeyApp.swift in Sources */,
				B08A457C1F9DD5430082BDD3 /* ViewController.swift in Sources */,
				B0569A0D1FC0B26E00FF34A1 /* String+Ext.swift in Sources */,
				B08A457A1F9DD5430082BDD3 /* AppDelegate.swift in Sources */,
				B0569A0F1FC0B80E00FF34A1 /* ReachabilityManager.swift in Sources */,
			);
			runOnlyForDeploymentPostprocessing = 0;
		};
		B08A45861F9DD5430082BDD3 /* Sources */ = {
			isa = PBXSourcesBuildPhase;
			buildActionMask = 2147483647;
			files = (
				B08A458F1F9DD5430082BDD3 /* BetTipTests.swift in Sources */,
			);
			runOnlyForDeploymentPostprocessing = 0;
		};
/* End PBXSourcesBuildPhase section */

/* Begin PBXTargetDependency section */
		B08A458C1F9DD5430082BDD3 /* PBXTargetDependency */ = {
			isa = PBXTargetDependency;
			target = B08A45751F9DD5430082BDD3 /* BetTip */;
			targetProxy = B08A458B1F9DD5430082BDD3 /* PBXContainerItemProxy */;
		};
/* End PBXTargetDependency section */

/* Begin PBXVariantGroup section */
		B08A457D1F9DD5430082BDD3 /* Main.storyboard */ = {
			isa = PBXVariantGroup;
			children = (
				B08A457E1F9DD5430082BDD3 /* Base */,
			);
			name = Main.storyboard;
			sourceTree = "<group>";
		};
		B08A45821F9DD5430082BDD3 /* LaunchScreen.storyboard */ = {
			isa = PBXVariantGroup;
			children = (
				B08A45831F9DD5430082BDD3 /* Base */,
			);
			name = LaunchScreen.storyboard;
			sourceTree = "<group>";
		};
/* End PBXVariantGroup section */

/* Begin XCBuildConfiguration section */
		B08A45911F9DD5430082BDD3 /* Debug */ = {
			isa = XCBuildConfiguration;
			buildSettings = {
				ALWAYS_EMBED_SWIFT_STANDARD_LIBRARIES = "$(inherited)";
				ALWAYS_SEARCH_USER_PATHS = NO;
				CLANG_ANALYZER_NONNULL = YES;
				CLANG_ANALYZER_NUMBER_OBJECT_CONVERSION = YES_AGGRESSIVE;
				CLANG_CXX_LANGUAGE_STANDARD = "gnu++14";
				CLANG_CXX_LIBRARY = "libc++";
				CLANG_ENABLE_MODULES = YES;
				CLANG_ENABLE_OBJC_ARC = YES;
				CLANG_WARN_BLOCK_CAPTURE_AUTORELEASING = YES;
				CLANG_WARN_BOOL_CONVERSION = YES;
				CLANG_WARN_COMMA = YES;
				CLANG_WARN_CONSTANT_CONVERSION = YES;
				CLANG_WARN_DIRECT_OBJC_ISA_USAGE = YES_ERROR;
				CLANG_WARN_DOCUMENTATION_COMMENTS = YES;
				CLANG_WARN_EMPTY_BODY = YES;
				CLANG_WARN_ENUM_CONVERSION = YES;
				CLANG_WARN_INFINITE_RECURSION = YES;
				CLANG_WARN_INT_CONVERSION = YES;
				CLANG_WARN_NON_LITERAL_NULL_CONVERSION = YES;
				CLANG_WARN_OBJC_LITERAL_CONVERSION = YES;
				CLANG_WARN_OBJC_ROOT_CLASS = YES_ERROR;
				CLANG_WARN_RANGE_LOOP_ANALYSIS = YES;
				CLANG_WARN_STRICT_PROTOTYPES = YES;
				CLANG_WARN_SUSPICIOUS_MOVE = YES;
				CLANG_WARN_UNGUARDED_AVAILABILITY = YES_AGGRESSIVE;
				CLANG_WARN_UNREACHABLE_CODE = YES;
				CLANG_WARN__DUPLICATE_METHOD_MATCH = YES;
				CODE_SIGN_IDENTITY = "iPhone Developer";
				COPY_PHASE_STRIP = NO;
				DEBUG_INFORMATION_FORMAT = dwarf;
				ENABLE_STRICT_OBJC_MSGSEND = YES;
				ENABLE_TESTABILITY = YES;
				GCC_C_LANGUAGE_STANDARD = gnu11;
				GCC_DYNAMIC_NO_PIC = NO;
				GCC_NO_COMMON_BLOCKS = YES;
				GCC_OPTIMIZATION_LEVEL = 0;
				GCC_PREPROCESSOR_DEFINITIONS = (
					"DEBUG=1",
					"$(inherited)",
				);
				GCC_WARN_64_TO_32_BIT_CONVERSION = YES;
				GCC_WARN_ABOUT_RETURN_TYPE = YES_ERROR;
				GCC_WARN_UNDECLARED_SELECTOR = YES;
				GCC_WARN_UNINITIALIZED_AUTOS = YES_AGGRESSIVE;
				GCC_WARN_UNUSED_FUNCTION = YES;
				GCC_WARN_UNUSED_VARIABLE = YES;
				IPHONEOS_DEPLOYMENT_TARGET = 11.0;
				MTL_ENABLE_DEBUG_INFO = YES;
				ONLY_ACTIVE_ARCH = YES;
				SDKROOT = iphoneos;
				SWIFT_ACTIVE_COMPILATION_CONDITIONS = DEBUG;
				SWIFT_OPTIMIZATION_LEVEL = "-Onone";
			};
			name = Debug;
		};
		B08A45921F9DD5430082BDD3 /* Release */ = {
			isa = XCBuildConfiguration;
			buildSettings = {
				ALWAYS_EMBED_SWIFT_STANDARD_LIBRARIES = "$(inherited)";
				ALWAYS_SEARCH_USER_PATHS = NO;
				CLANG_ANALYZER_NONNULL = YES;
				CLANG_ANALYZER_NUMBER_OBJECT_CONVERSION = YES_AGGRESSIVE;
				CLANG_CXX_LANGUAGE_STANDARD = "gnu++14";
				CLANG_CXX_LIBRARY = "libc++";
				CLANG_ENABLE_MODULES = YES;
				CLANG_ENABLE_OBJC_ARC = YES;
				CLANG_WARN_BLOCK_CAPTURE_AUTORELEASING = YES;
				CLANG_WARN_BOOL_CONVERSION = YES;
				CLANG_WARN_COMMA = YES;
				CLANG_WARN_CONSTANT_CONVERSION = YES;
				CLANG_WARN_DIRECT_OBJC_ISA_USAGE = YES_ERROR;
				CLANG_WARN_DOCUMENTATION_COMMENTS = YES;
				CLANG_WARN_EMPTY_BODY = YES;
				CLANG_WARN_ENUM_CONVERSION = YES;
				CLANG_WARN_INFINITE_RECURSION = YES;
				CLANG_WARN_INT_CONVERSION = YES;
				CLANG_WARN_NON_LITERAL_NULL_CONVERSION = YES;
				CLANG_WARN_OBJC_LITERAL_CONVERSION = YES;
				CLANG_WARN_OBJC_ROOT_CLASS = YES_ERROR;
				CLANG_WARN_RANGE_LOOP_ANALYSIS = YES;
				CLANG_WARN_STRICT_PROTOTYPES = YES;
				CLANG_WARN_SUSPICIOUS_MOVE = YES;
				CLANG_WARN_UNGUARDED_AVAILABILITY = YES_AGGRESSIVE;
				CLANG_WARN_UNREACHABLE_CODE = YES;
				CLANG_WARN__DUPLICATE_METHOD_MATCH = YES;
				CODE_SIGN_IDENTITY = "iPhone Developer";
				COPY_PHASE_STRIP = NO;
				DEBUG_INFORMATION_FORMAT = "dwarf-with-dsym";
				ENABLE_NS_ASSERTIONS = NO;
				ENABLE_STRICT_OBJC_MSGSEND = YES;
				GCC_C_LANGUAGE_STANDARD = gnu11;
				GCC_NO_COMMON_BLOCKS = YES;
				GCC_WARN_64_TO_32_BIT_CONVERSION = YES;
				GCC_WARN_ABOUT_RETURN_TYPE = YES_ERROR;
				GCC_WARN_UNDECLARED_SELECTOR = YES;
				GCC_WARN_UNINITIALIZED_AUTOS = YES_AGGRESSIVE;
				GCC_WARN_UNUSED_FUNCTION = YES;
				GCC_WARN_UNUSED_VARIABLE = YES;
				IPHONEOS_DEPLOYMENT_TARGET = 11.0;
				MTL_ENABLE_DEBUG_INFO = NO;
				SDKROOT = iphoneos;
				SWIFT_OPTIMIZATION_LEVEL = "-Owholemodule";
				VALIDATE_PRODUCT = YES;
			};
			name = Release;
		};
		B08A45941F9DD5430082BDD3 /* Debug */ = {
			isa = XCBuildConfiguration;
			baseConfigurationReference = 656147D774EE3FD2EC2C1712 /* Pods-BetTip.debug.xcconfig */;
			buildSettings = {
				ASSETCATALOG_COMPILER_APPICON_NAME = AppIcon;
				CLANG_ENABLE_MODULES = YES;
				CODE_SIGN_ENTITLEMENTS = BetTip/SupportedFiles/BetTip.entitlements;
				CODE_SIGN_STYLE = Manual;
				DEVELOPMENT_TEAM = 7UWG4ECEH7;
				INFOPLIST_FILE = "$(SRCROOT)/BetTip/SupportedFiles/Info.plist";
				LD_RUNPATH_SEARCH_PATHS = "$(inherited) @executable_path/Frameworks";
				PRODUCT_BUNDLE_IDENTIFIER = salieri.BetTipAppFree;
				PRODUCT_NAME = "$(TARGET_NAME)";
				PROVISIONING_PROFILE = "db50dce8-a7c3-403d-b9ba-8994e0dc6faf";
				PROVISIONING_PROFILE_SPECIFIER = "match Development salieri.BetTipAppFree";
				SWIFT_OBJC_BRIDGING_HEADER = "BetTip/SupportedFiles/BetTip-Bridging-Header.h";
				SWIFT_OPTIMIZATION_LEVEL = "-Onone";
				SWIFT_VERSION = 4.0;
				TARGETED_DEVICE_FAMILY = "1,2";
			};
			name = Debug;
		};
		B08A45951F9DD5430082BDD3 /* Release */ = {
			isa = XCBuildConfiguration;
			baseConfigurationReference = 689B272117A621A948C4580D /* Pods-BetTip.release.xcconfig */;
			buildSettings = {
				ASSETCATALOG_COMPILER_APPICON_NAME = AppIcon;
				CLANG_ENABLE_MODULES = YES;
				CODE_SIGN_ENTITLEMENTS = BetTip/SupportedFiles/BetTip.entitlements;
				"CODE_SIGN_IDENTITY[sdk=iphoneos*]" = "iPhone Distribution";
				CODE_SIGN_STYLE = Manual;
				DEVELOPMENT_TEAM = 7UWG4ECEH7;
				INFOPLIST_FILE = "$(SRCROOT)/BetTip/SupportedFiles/Info.plist";
				LD_RUNPATH_SEARCH_PATHS = "$(inherited) @executable_path/Frameworks";
				PRODUCT_BUNDLE_IDENTIFIER = salieri.BetTipAppFree;
				PRODUCT_NAME = "$(TARGET_NAME)";
				PROVISIONING_PROFILE = "5065f142-c3f1-4732-8b5e-8b4def254e8b";
				PROVISIONING_PROFILE_SPECIFIER = "match AdHoc salieri.BetTipAppFree";
				SWIFT_OBJC_BRIDGING_HEADER = "BetTip/SupportedFiles/BetTip-Bridging-Header.h";
				SWIFT_VERSION = 4.0;
				TARGETED_DEVICE_FAMILY = "1,2";
			};
			name = Release;
		};
		B08A45971F9DD5430082BDD3 /* Debug */ = {
			isa = XCBuildConfiguration;
			baseConfigurationReference = D1E04B9CFB290BDC889BEE1C /* Pods-BetTipTests.debug.xcconfig */;
			buildSettings = {
				ALWAYS_EMBED_SWIFT_STANDARD_LIBRARIES = YES;
				BUNDLE_LOADER = "$(TEST_HOST)";
				"CODE_SIGN_IDENTITY[sdk=iphoneos*]" = "iPhone Developer";
				CODE_SIGN_STYLE = Automatic;
				DEVELOPMENT_TEAM = V8VSC4H6R4;
				INFOPLIST_FILE = BetTipTests/Info.plist;
				LD_RUNPATH_SEARCH_PATHS = "$(inherited) @executable_path/Frameworks @loader_path/Frameworks";
				PRODUCT_BUNDLE_IDENTIFIER = com.haydarkarkin.BetTipTests;
				PRODUCT_NAME = "$(TARGET_NAME)";
				PROVISIONING_PROFILE_SPECIFIER = "";
				SWIFT_VERSION = 4.0;
				TARGETED_DEVICE_FAMILY = "1,2";
				TEST_HOST = "$(BUILT_PRODUCTS_DIR)/BetTip.app/BetTip";
			};
			name = Debug;
		};
		B08A45981F9DD5430082BDD3 /* Release */ = {
			isa = XCBuildConfiguration;
			baseConfigurationReference = C4973F39DC4820D359D81752 /* Pods-BetTipTests.release.xcconfig */;
			buildSettings = {
				ALWAYS_EMBED_SWIFT_STANDARD_LIBRARIES = YES;
				BUNDLE_LOADER = "$(TEST_HOST)";
				"CODE_SIGN_IDENTITY[sdk=iphoneos*]" = "iPhone Developer";
				CODE_SIGN_STYLE = Automatic;
				DEVELOPMENT_TEAM = V8VSC4H6R4;
				INFOPLIST_FILE = BetTipTests/Info.plist;
				LD_RUNPATH_SEARCH_PATHS = "$(inherited) @executable_path/Frameworks @loader_path/Frameworks";
				PRODUCT_BUNDLE_IDENTIFIER = com.haydarkarkin.BetTipTests;
				PRODUCT_NAME = "$(TARGET_NAME)";
				PROVISIONING_PROFILE_SPECIFIER = "";
				SWIFT_VERSION = 4.0;
				TARGETED_DEVICE_FAMILY = "1,2";
				TEST_HOST = "$(BUILT_PRODUCTS_DIR)/BetTip.app/BetTip";
			};
			name = Release;
		};
/* End XCBuildConfiguration section */

/* Begin XCConfigurationList section */
		B08A45711F9DD5430082BDD3 /* Build configuration list for PBXProject "BetTip" */ = {
			isa = XCConfigurationList;
			buildConfigurations = (
				B08A45911F9DD5430082BDD3 /* Debug */,
				B08A45921F9DD5430082BDD3 /* Release */,
			);
			defaultConfigurationIsVisible = 0;
			defaultConfigurationName = Release;
		};
		B08A45931F9DD5430082BDD3 /* Build configuration list for PBXNativeTarget "BetTip" */ = {
			isa = XCConfigurationList;
			buildConfigurations = (
				B08A45941F9DD5430082BDD3 /* Debug */,
				B08A45951F9DD5430082BDD3 /* Release */,
			);
			defaultConfigurationIsVisible = 0;
			defaultConfigurationName = Release;
		};
		B08A45961F9DD5430082BDD3 /* Build configuration list for PBXNativeTarget "BetTipTests" */ = {
			isa = XCConfigurationList;
			buildConfigurations = (
				B08A45971F9DD5430082BDD3 /* Debug */,
				B08A45981F9DD5430082BDD3 /* Release */,
			);
			defaultConfigurationIsVisible = 0;
			defaultConfigurationName = Release;
		};
/* End XCConfigurationList section */
	};
	rootObject = B08A456E1F9DD5430082BDD3 /* Project object */;
}
